{
    "_readme": [
        "This file locks the dependencies of your project to a known state",
        "Read more about it at http://getcomposer.org/doc/01-basic-usage.md#composer-lock-the-lock-file",
        "This file is @generated automatically"
    ],
    "hash": "3cb35f597115bed22edc1c28bebadd00",
    "packages": [
        {
            "name": "coinbase/coinbase",
            "version": "dev-master",
            "source": {
                "type": "git",
                "url": "https://github.com/coinbase/coinbase-php.git",
                "reference": "bb0eedb0f91ec912ccb9944138eef85b2413e6ef"
            },
            "dist": {
                "type": "zip",
                "url": "https://api.github.com/repos/coinbase/coinbase-php/zipball/bb0eedb0f91ec912ccb9944138eef85b2413e6ef",
                "reference": "bb0eedb0f91ec912ccb9944138eef85b2413e6ef",
                "shasum": ""
            },
            "require": {
                "php": ">=5.2.0"
            },
            "type": "library",
            "autoload": {
                "psr-0": {
                    "Coinbase": "lib/"
                }
            },
            "notification-url": "https://packagist.org/downloads/",
            "license": [
                "MIT"
            ],
            "description": "Coinbase API library",
            "homepage": "http://coinbase.com",
            "keywords": [
                "bitcoin",
                "coinbase"
            ],
            "time": "2014-05-20 20:16:28"
        }
    ],
    "packages-dev": [

    ],
    "aliases": [

    ],
    "minimum-stability": "stable",
    "stability-flags": {
        "coinbase/coinbase": 20
    },
    "prefer-stable": false,
    "platform": [

    ],
    "platform-dev": [

    ]
}
